// !$*UTF8*$!
{
	archiveVersion = 1;
	classes = {
	};
	objectVersion = 51;
	objects = {

/* Begin PBXBuildFile section */
		0DF29F8CB7413FB2266B3299 /* Pods_PatLock.framework in Frameworks */ = {isa = PBXBuildFile; fileRef = 8895789E61896EDA4BBD96C4 /* Pods_PatLock.framework */; };
		72DA87FF258DF06400EF3E3D /* AppDelegate.swift in Sources */ = {isa = PBXBuildFile; fileRef = 72DA87FE258DF06400EF3E3D /* AppDelegate.swift */; };
		72DA8801258DF06400EF3E3D /* SceneDelegate.swift in Sources */ = {isa = PBXBuildFile; fileRef = 72DA8800258DF06400EF3E3D /* SceneDelegate.swift */; };
		72DA8803258DF06400EF3E3D /* ViewController.swift in Sources */ = {isa = PBXBuildFile; fileRef = 72DA8802258DF06400EF3E3D /* ViewController.swift */; };
		72DA8806258DF06400EF3E3D /* Main.storyboard in Resources */ = {isa = PBXBuildFile; fileRef = 72DA8804258DF06400EF3E3D /* Main.storyboard */; };
		72DA8808258DF06700EF3E3D /* Assets.xcassets in Resources */ = {isa = PBXBuildFile; fileRef = 72DA8807258DF06700EF3E3D /* Assets.xcassets */; };
		72DA880B258DF06700EF3E3D /* LaunchScreen.storyboard in Resources */ = {isa = PBXBuildFile; fileRef = 72DA8809258DF06700EF3E3D /* LaunchScreen.storyboard */; };
		72DA8819258DF21700EF3E3D /* BioAuthenticationHandler.swift in Sources */ = {isa = PBXBuildFile; fileRef = 72DA8818258DF21700EF3E3D /* BioAuthenticationHandler.swift */; };
		72DA8820258DF25300EF3E3D /* Strings.swift in Sources */ = {isa = PBXBuildFile; fileRef = 72DA881F258DF25300EF3E3D /* Strings.swift */; };
		72DA8823258DF2B500EF3E3D /* GestureLockSetup.swift in Sources */ = {isa = PBXBuildFile; fileRef = 72DA8822258DF2B500EF3E3D /* GestureLockSetup.swift */; };
		72DA882E258DF74E00EF3E3D /* PatternSettingsVC.swift in Sources */ = {isa = PBXBuildFile; fileRef = 72DA882D258DF74E00EF3E3D /* PatternSettingsVC.swift */; };
		72DA8832258DF83700EF3E3D /* UITableView.swift in Sources */ = {isa = PBXBuildFile; fileRef = 72DA8831258DF83700EF3E3D /* UITableView.swift */; };
		72DA8836258DF92500EF3E3D /* PatternSettings.storyboard in Resources */ = {isa = PBXBuildFile; fileRef = 72DA8835258DF92500EF3E3D /* PatternSettings.storyboard */; };
		72DA883B258DFA9300EF3E3D /* PatternSettingsTVC.swift in Sources */ = {isa = PBXBuildFile; fileRef = 72DA8839258DFA9300EF3E3D /* PatternSettingsTVC.swift */; };
		72DA883C258DFA9300EF3E3D /* PatternSettingsTVC.xib in Resources */ = {isa = PBXBuildFile; fileRef = 72DA883A258DFA9300EF3E3D /* PatternSettingsTVC.xib */; };
		72DA8840258DFAE900EF3E3D /* Register.swift in Sources */ = {isa = PBXBuildFile; fileRef = 72DA883F258DFAE900EF3E3D /* Register.swift */; };
		72DA8843258DFB6200EF3E3D /* Password.swift in Sources */ = {isa = PBXBuildFile; fileRef = 72DA8842258DFB6200EF3E3D /* Password.swift */; };
		72DA8846258DFBEB00EF3E3D /* ReusableView.swift in Sources */ = {isa = PBXBuildFile; fileRef = 72DA8845258DFBEB00EF3E3D /* ReusableView.swift */; };
		72DA8849258DFC3100EF3E3D /* UIViewController.swift in Sources */ = {isa = PBXBuildFile; fileRef = 72DA8848258DFC3100EF3E3D /* UIViewController.swift */; };
		72DA884C258DFC7200EF3E3D /* StoryboardId.swift in Sources */ = {isa = PBXBuildFile; fileRef = 72DA884B258DFC7200EF3E3D /* StoryboardId.swift */; };
/* End PBXBuildFile section */

/* Begin PBXFileReference section */
		61330BE87BD9AED1F2D4B87B /* Pods-PatLock.release.xcconfig */ = {isa = PBXFileReference; includeInIndex = 1; lastKnownFileType = text.xcconfig; name = "Pods-PatLock.release.xcconfig"; path = "Target Support Files/Pods-PatLock/Pods-PatLock.release.xcconfig"; sourceTree = "<group>"; };
		72DA87FB258DF06400EF3E3D /* PatLock.app */ = {isa = PBXFileReference; explicitFileType = wrapper.application; includeInIndex = 0; path = PatLock.app; sourceTree = BUILT_PRODUCTS_DIR; };
		72DA87FE258DF06400EF3E3D /* AppDelegate.swift */ = {isa = PBXFileReference; lastKnownFileType = sourcecode.swift; path = AppDelegate.swift; sourceTree = "<group>"; };
		72DA8800258DF06400EF3E3D /* SceneDelegate.swift */ = {isa = PBXFileReference; lastKnownFileType = sourcecode.swift; path = SceneDelegate.swift; sourceTree = "<group>"; };
		72DA8802258DF06400EF3E3D /* ViewController.swift */ = {isa = PBXFileReference; lastKnownFileType = sourcecode.swift; path = ViewController.swift; sourceTree = "<group>"; };
		72DA8805258DF06400EF3E3D /* Base */ = {isa = PBXFileReference; lastKnownFileType = file.storyboard; name = Base; path = Base.lproj/Main.storyboard; sourceTree = "<group>"; };
		72DA8807258DF06700EF3E3D /* Assets.xcassets */ = {isa = PBXFileReference; lastKnownFileType = folder.assetcatalog; path = Assets.xcassets; sourceTree = "<group>"; };
		72DA880A258DF06700EF3E3D /* Base */ = {isa = PBXFileReference; lastKnownFileType = file.storyboard; name = Base; path = Base.lproj/LaunchScreen.storyboard; sourceTree = "<group>"; };
		72DA880C258DF06700EF3E3D /* Info.plist */ = {isa = PBXFileReference; lastKnownFileType = text.plist.xml; path = Info.plist; sourceTree = "<group>"; };
		72DA8818258DF21700EF3E3D /* BioAuthenticationHandler.swift */ = {isa = PBXFileReference; lastKnownFileType = sourcecode.swift; path = BioAuthenticationHandler.swift; sourceTree = "<group>"; };
		72DA881F258DF25300EF3E3D /* Strings.swift */ = {isa = PBXFileReference; lastKnownFileType = sourcecode.swift; path = Strings.swift; sourceTree = "<group>"; };
		72DA8822258DF2B500EF3E3D /* GestureLockSetup.swift */ = {isa = PBXFileReference; lastKnownFileType = sourcecode.swift; path = GestureLockSetup.swift; sourceTree = "<group>"; };
		72DA882D258DF74E00EF3E3D /* PatternSettingsVC.swift */ = {isa = PBXFileReference; lastKnownFileType = sourcecode.swift; path = PatternSettingsVC.swift; sourceTree = "<group>"; };
		72DA8831258DF83700EF3E3D /* UITableView.swift */ = {isa = PBXFileReference; lastKnownFileType = sourcecode.swift; path = UITableView.swift; sourceTree = "<group>"; };
		72DA8835258DF92500EF3E3D /* PatternSettings.storyboard */ = {isa = PBXFileReference; lastKnownFileType = file.storyboard; path = PatternSettings.storyboard; sourceTree = "<group>"; };
		72DA8839258DFA9300EF3E3D /* PatternSettingsTVC.swift */ = {isa = PBXFileReference; lastKnownFileType = sourcecode.swift; path = PatternSettingsTVC.swift; sourceTree = "<group>"; };
		72DA883A258DFA9300EF3E3D /* PatternSettingsTVC.xib */ = {isa = PBXFileReference; lastKnownFileType = file.xib; path = PatternSettingsTVC.xib; sourceTree = "<group>"; };
		72DA883F258DFAE900EF3E3D /* Register.swift */ = {isa = PBXFileReference; lastKnownFileType = sourcecode.swift; path = Register.swift; sourceTree = "<group>"; };
		72DA8842258DFB6200EF3E3D /* Password.swift */ = {isa = PBXFileReference; lastKnownFileType = sourcecode.swift; path = Password.swift; sourceTree = "<group>"; };
		72DA8845258DFBEB00EF3E3D /* ReusableView.swift */ = {isa = PBXFileReference; lastKnownFileType = sourcecode.swift; path = ReusableView.swift; sourceTree = "<group>"; };
		72DA8848258DFC3100EF3E3D /* UIViewController.swift */ = {isa = PBXFileReference; lastKnownFileType = sourcecode.swift; path = UIViewController.swift; sourceTree = "<group>"; };
		72DA884B258DFC7200EF3E3D /* StoryboardId.swift */ = {isa = PBXFileReference; lastKnownFileType = sourcecode.swift; path = StoryboardId.swift; sourceTree = "<group>"; };
		8895789E61896EDA4BBD96C4 /* Pods_PatLock.framework */ = {isa = PBXFileReference; explicitFileType = wrapper.framework; includeInIndex = 0; path = Pods_PatLock.framework; sourceTree = BUILT_PRODUCTS_DIR; };
		D57019F08AC4D5151D0F4324 /* Pods-PatLock.debug.xcconfig */ = {isa = PBXFileReference; includeInIndex = 1; lastKnownFileType = text.xcconfig; name = "Pods-PatLock.debug.xcconfig"; path = "Target Support Files/Pods-PatLock/Pods-PatLock.debug.xcconfig"; sourceTree = "<group>"; };
/* End PBXFileReference section */

/* Begin PBXFrameworksBuildPhase section */
		72DA87F8258DF06400EF3E3D /* Frameworks */ = {
			isa = PBXFrameworksBuildPhase;
			buildActionMask = 2147483647;
			files = (
				0DF29F8CB7413FB2266B3299 /* Pods_PatLock.framework in Frameworks */,
			);
			runOnlyForDeploymentPostprocessing = 0;
		};
/* End PBXFrameworksBuildPhase section */

/* Begin PBXGroup section */
		33E3872405FA6B947E3CBAF8 /* Pods */ = {
			isa = PBXGroup;
			children = (
				D57019F08AC4D5151D0F4324 /* Pods-PatLock.debug.xcconfig */,
				61330BE87BD9AED1F2D4B87B /* Pods-PatLock.release.xcconfig */,
			);
			path = Pods;
			sourceTree = "<group>";
		};
		72DA87F2258DF06400EF3E3D = {
			isa = PBXGroup;
			children = (
				72DA87FD258DF06400EF3E3D /* PatLock */,
				72DA87FC258DF06400EF3E3D /* Products */,
				33E3872405FA6B947E3CBAF8 /* Pods */,
				C3B41167C6B4A2AA151B4474 /* Frameworks */,
			);
			sourceTree = "<group>";
		};
		72DA87FC258DF06400EF3E3D /* Products */ = {
			isa = PBXGroup;
			children = (
				72DA87FB258DF06400EF3E3D /* PatLock.app */,
			);
			name = Products;
			sourceTree = "<group>";
		};
		72DA87FD258DF06400EF3E3D /* PatLock */ = {
			isa = PBXGroup;
			children = (
				72DA8825258DF70800EF3E3D /* Modules */,
				72DA8817258DF20900EF3E3D /* Util */,
				72DA87FE258DF06400EF3E3D /* AppDelegate.swift */,
				72DA8800258DF06400EF3E3D /* SceneDelegate.swift */,
				72DA8802258DF06400EF3E3D /* ViewController.swift */,
				72DA8804258DF06400EF3E3D /* Main.storyboard */,
				72DA8807258DF06700EF3E3D /* Assets.xcassets */,
				72DA8809258DF06700EF3E3D /* LaunchScreen.storyboard */,
				72DA880C258DF06700EF3E3D /* Info.plist */,
			);
			path = PatLock;
			sourceTree = "<group>";
		};
		72DA8817258DF20900EF3E3D /* Util */ = {
			isa = PBXGroup;
			children = (
				72DA8830258DF81C00EF3E3D /* Extension */,
				72DA8818258DF21700EF3E3D /* BioAuthenticationHandler.swift */,
				72DA881F258DF25300EF3E3D /* Strings.swift */,
				72DA8822258DF2B500EF3E3D /* GestureLockSetup.swift */,
				72DA883F258DFAE900EF3E3D /* Register.swift */,
				72DA8845258DFBEB00EF3E3D /* ReusableView.swift */,
				72DA884B258DFC7200EF3E3D /* StoryboardId.swift */,
			);
			path = Util;
			sourceTree = "<group>";
		};
		72DA8825258DF70800EF3E3D /* Modules */ = {
			isa = PBXGroup;
			children = (
				72DA8826258DF71B00EF3E3D /* PatternSettings */,
			);
			path = Modules;
			sourceTree = "<group>";
		};
		72DA8826258DF71B00EF3E3D /* PatternSettings */ = {
			isa = PBXGroup;
			children = (
				72DA8827258DF73100EF3E3D /* View */,
			);
			path = PatternSettings;
			sourceTree = "<group>";
		};
		72DA8827258DF73100EF3E3D /* View */ = {
			isa = PBXGroup;
			children = (
				72DA8838258DFA7000EF3E3D /* Cells */,
				72DA882D258DF74E00EF3E3D /* PatternSettingsVC.swift */,
				72DA8835258DF92500EF3E3D /* PatternSettings.storyboard */,
			);
			path = View;
			sourceTree = "<group>";
		};
		72DA8830258DF81C00EF3E3D /* Extension */ = {
			isa = PBXGroup;
			children = (
				72DA8831258DF83700EF3E3D /* UITableView.swift */,
				72DA8842258DFB6200EF3E3D /* Password.swift */,
				72DA8848258DFC3100EF3E3D /* UIViewController.swift */,
			);
			path = Extension;
			sourceTree = "<group>";
		};
		72DA8838258DFA7000EF3E3D /* Cells */ = {
			isa = PBXGroup;
			children = (
				72DA8839258DFA9300EF3E3D /* PatternSettingsTVC.swift */,
				72DA883A258DFA9300EF3E3D /* PatternSettingsTVC.xib */,
			);
			path = Cells;
			sourceTree = "<group>";
		};
		C3B41167C6B4A2AA151B4474 /* Frameworks */ = {
			isa = PBXGroup;
			children = (
				8895789E61896EDA4BBD96C4 /* Pods_PatLock.framework */,
			);
			name = Frameworks;
			sourceTree = "<group>";
		};
/* End PBXGroup section */

/* Begin PBXNativeTarget section */
		72DA87FA258DF06400EF3E3D /* PatLock */ = {
			isa = PBXNativeTarget;
			buildConfigurationList = 72DA880F258DF06700EF3E3D /* Build configuration list for PBXNativeTarget "PatLock" */;
			buildPhases = (
				FD84320008995B43FA611D2E /* [CP] Check Pods Manifest.lock */,
				72DA87F7258DF06400EF3E3D /* Sources */,
				72DA87F8258DF06400EF3E3D /* Frameworks */,
				72DA87F9258DF06400EF3E3D /* Resources */,
				579F24F22B7EC12A056951C0 /* [CP] Embed Pods Frameworks */,
			);
			buildRules = (
			);
			dependencies = (
			);
			name = PatLock;
			productName = PatLock;
			productReference = 72DA87FB258DF06400EF3E3D /* PatLock.app */;
			productType = "com.apple.product-type.application";
		};
/* End PBXNativeTarget section */

/* Begin PBXProject section */
		72DA87F3258DF06400EF3E3D /* Project object */ = {
			isa = PBXProject;
			attributes = {
				LastSwiftUpdateCheck = 1220;
				LastUpgradeCheck = 1220;
				TargetAttributes = {
					72DA87FA258DF06400EF3E3D = {
						CreatedOnToolsVersion = 12.2;
					};
				};
			};
			buildConfigurationList = 72DA87F6258DF06400EF3E3D /* Build configuration list for PBXProject "PatLock" */;
			compatibilityVersion = "Xcode 9.3";
			developmentRegion = en;
			hasScannedForEncodings = 0;
			knownRegions = (
				en,
				Base,
			);
			mainGroup = 72DA87F2258DF06400EF3E3D;
			productRefGroup = 72DA87FC258DF06400EF3E3D /* Products */;
			projectDirPath = "";
			projectRoot = "";
			targets = (
				72DA87FA258DF06400EF3E3D /* PatLock */,
			);
		};
/* End PBXProject section */

/* Begin PBXResourcesBuildPhase section */
		72DA87F9258DF06400EF3E3D /* Resources */ = {
			isa = PBXResourcesBuildPhase;
			buildActionMask = 2147483647;
			files = (
				72DA8836258DF92500EF3E3D /* PatternSettings.storyboard in Resources */,
				72DA880B258DF06700EF3E3D /* LaunchScreen.storyboard in Resources */,
				72DA8808258DF06700EF3E3D /* Assets.xcassets in Resources */,
				72DA883C258DFA9300EF3E3D /* PatternSettingsTVC.xib in Resources */,
				72DA8806258DF06400EF3E3D /* Main.storyboard in Resources */,
			);
			runOnlyForDeploymentPostprocessing = 0;
		};
/* End PBXResourcesBuildPhase section */

/* Begin PBXShellScriptBuildPhase section */
		579F24F22B7EC12A056951C0 /* [CP] Embed Pods Frameworks */ = {
			isa = PBXShellScriptBuildPhase;
			buildActionMask = 2147483647;
			files = (
			);
			inputFileListPaths = (
				"${PODS_ROOT}/Target Support Files/Pods-PatLock/Pods-PatLock-frameworks-${CONFIGURATION}-input-files.xcfilelist",
			);
			name = "[CP] Embed Pods Frameworks";
			outputFileListPaths = (
				"${PODS_ROOT}/Target Support Files/Pods-PatLock/Pods-PatLock-frameworks-${CONFIGURATION}-output-files.xcfilelist",
			);
			runOnlyForDeploymentPostprocessing = 0;
			shellPath = /bin/sh;
			shellScript = "\"${PODS_ROOT}/Target Support Files/Pods-PatLock/Pods-PatLock-frameworks.sh\"\n";
			showEnvVarsInLog = 0;
		};
		FD84320008995B43FA611D2E /* [CP] Check Pods Manifest.lock */ = {
			isa = PBXShellScriptBuildPhase;
			buildActionMask = 2147483647;
			files = (
			);
			inputFileListPaths = (
			);
			inputPaths = (
				"${PODS_PODFILE_DIR_PATH}/Podfile.lock",
				"${PODS_ROOT}/Manifest.lock",
			);
			name = "[CP] Check Pods Manifest.lock";
			outputFileListPaths = (
			);
			outputPaths = (
				"$(DERIVED_FILE_DIR)/Pods-PatLock-checkManifestLockResult.txt",
			);
			runOnlyForDeploymentPostprocessing = 0;
			shellPath = /bin/sh;
			shellScript = "diff \"${PODS_PODFILE_DIR_PATH}/Podfile.lock\" \"${PODS_ROOT}/Manifest.lock\" > /dev/null\nif [ $? != 0 ] ; then\n    # print error to STDERR\n    echo \"error: The sandbox is not in sync with the Podfile.lock. Run 'pod install' or update your CocoaPods installation.\" >&2\n    exit 1\nfi\n# This output is used by Xcode 'outputs' to avoid re-running this script phase.\necho \"SUCCESS\" > \"${SCRIPT_OUTPUT_FILE_0}\"\n";
			showEnvVarsInLog = 0;
		};
/* End PBXShellScriptBuildPhase section */

/* Begin PBXSourcesBuildPhase section */
		72DA87F7258DF06400EF3E3D /* Sources */ = {
			isa = PBXSourcesBuildPhase;
			buildActionMask = 2147483647;
			files = (
				72DA8823258DF2B500EF3E3D /* GestureLockSetup.swift in Sources */,
				72DA882E258DF74E00EF3E3D /* PatternSettingsVC.swift in Sources */,
				72DA8803258DF06400EF3E3D /* ViewController.swift in Sources */,
				72DA8846258DFBEB00EF3E3D /* ReusableView.swift in Sources */,
				72DA883B258DFA9300EF3E3D /* PatternSettingsTVC.swift in Sources */,
				72DA8840258DFAE900EF3E3D /* Register.swift in Sources */,
				72DA8843258DFB6200EF3E3D /* Password.swift in Sources */,
				72DA8849258DFC3100EF3E3D /* UIViewController.swift in Sources */,
				72DA8819258DF21700EF3E3D /* BioAuthenticationHandler.swift in Sources */,
				72DA8820258DF25300EF3E3D /* Strings.swift in Sources */,
				72DA8832258DF83700EF3E3D /* UITableView.swift in Sources */,
				72DA87FF258DF06400EF3E3D /* AppDelegate.swift in Sources */,
				72DA8801258DF06400EF3E3D /* SceneDelegate.swift in Sources */,
				72DA884C258DFC7200EF3E3D /* StoryboardId.swift in Sources */,
			);
			runOnlyForDeploymentPostprocessing = 0;
		};
/* End PBXSourcesBuildPhase section */

/* Begin PBXVariantGroup section */
		72DA8804258DF06400EF3E3D /* Main.storyboard */ = {
			isa = PBXVariantGroup;
			children = (
				72DA8805258DF06400EF3E3D /* Base */,
			);
			name = Main.storyboard;
			sourceTree = "<group>";
		};
		72DA8809258DF06700EF3E3D /* LaunchScreen.storyboard */ = {
			isa = PBXVariantGroup;
			children = (
				72DA880A258DF06700EF3E3D /* Base */,
			);
			name = LaunchScreen.storyboard;
			sourceTree = "<group>";
		};
/* End PBXVariantGroup section */

/* Begin XCBuildConfiguration section */
		72DA880D258DF06700EF3E3D /* Debug */ = {
			isa = XCBuildConfiguration;
			buildSettings = {
				ALWAYS_SEARCH_USER_PATHS = NO;
				CLANG_ANALYZER_NONNULL = YES;
				CLANG_ANALYZER_NUMBER_OBJECT_CONVERSION = YES_AGGRESSIVE;
				CLANG_CXX_LANGUAGE_STANDARD = "gnu++14";
				CLANG_CXX_LIBRARY = "libc++";
				CLANG_ENABLE_MODULES = YES;
				CLANG_ENABLE_OBJC_ARC = YES;
				CLANG_ENABLE_OBJC_WEAK = YES;
				CLANG_WARN_BLOCK_CAPTURE_AUTORELEASING = YES;
				CLANG_WARN_BOOL_CONVERSION = YES;
				CLANG_WARN_COMMA = YES;
				CLANG_WARN_CONSTANT_CONVERSION = YES;
				CLANG_WARN_DEPRECATED_OBJC_IMPLEMENTATIONS = YES;
				CLANG_WARN_DIRECT_OBJC_ISA_USAGE = YES_ERROR;
				CLANG_WARN_DOCUMENTATION_COMMENTS = YES;
				CLANG_WARN_EMPTY_BODY = YES;
				CLANG_WARN_ENUM_CONVERSION = YES;
				CLANG_WARN_INFINITE_RECURSION = YES;
				CLANG_WARN_INT_CONVERSION = YES;
				CLANG_WARN_NON_LITERAL_NULL_CONVERSION = YES;
				CLANG_WARN_OBJC_IMPLICIT_RETAIN_SELF = YES;
				CLANG_WARN_OBJC_LITERAL_CONVERSION = YES;
				CLANG_WARN_OBJC_ROOT_CLASS = YES_ERROR;
				CLANG_WARN_QUOTED_INCLUDE_IN_FRAMEWORK_HEADER = YES;
				CLANG_WARN_RANGE_LOOP_ANALYSIS = YES;
				CLANG_WARN_STRICT_PROTOTYPES = YES;
				CLANG_WARN_SUSPICIOUS_MOVE = YES;
				CLANG_WARN_UNGUARDED_AVAILABILITY = YES_AGGRESSIVE;
				CLANG_WARN_UNREACHABLE_CODE = YES;
				CLANG_WARN__DUPLICATE_METHOD_MATCH = YES;
				COPY_PHASE_STRIP = NO;
				DEBUG_INFORMATION_FORMAT = dwarf;
				ENABLE_STRICT_OBJC_MSGSEND = YES;
				ENABLE_TESTABILITY = YES;
				GCC_C_LANGUAGE_STANDARD = gnu11;
				GCC_DYNAMIC_NO_PIC = NO;
				GCC_NO_COMMON_BLOCKS = YES;
				GCC_OPTIMIZATION_LEVEL = 0;
				GCC_PREPROCESSOR_DEFINITIONS = (
					"DEBUG=1",
					"$(inherited)",
				);
				GCC_WARN_64_TO_32_BIT_CONVERSION = YES;
				GCC_WARN_ABOUT_RETURN_TYPE = YES_ERROR;
				GCC_WARN_UNDECLARED_SELECTOR = YES;
				GCC_WARN_UNINITIALIZED_AUTOS = YES_AGGRESSIVE;
				GCC_WARN_UNUSED_FUNCTION = YES;
				GCC_WARN_UNUSED_VARIABLE = YES;
				IPHONEOS_DEPLOYMENT_TARGET = 14.2;
				MTL_ENABLE_DEBUG_INFO = INCLUDE_SOURCE;
				MTL_FAST_MATH = YES;
				ONLY_ACTIVE_ARCH = YES;
				SDKROOT = iphoneos;
				SWIFT_ACTIVE_COMPILATION_CONDITIONS = DEBUG;
				SWIFT_OPTIMIZATION_LEVEL = "-Onone";
			};
			name = Debug;
		};
		72DA880E258DF06700EF3E3D /* Release */ = {
			isa = XCBuildConfiguration;
			buildSettings = {
				ALWAYS_SEARCH_USER_PATHS = NO;
				CLANG_ANALYZER_NONNULL = YES;
				CLANG_ANALYZER_NUMBER_OBJECT_CONVERSION = YES_AGGRESSIVE;
				CLANG_CXX_LANGUAGE_STANDARD = "gnu++14";
				CLANG_CXX_LIBRARY = "libc++";
				CLANG_ENABLE_MODULES = YES;
				CLANG_ENABLE_OBJC_ARC = YES;
				CLANG_ENABLE_OBJC_WEAK = YES;
				CLANG_WARN_BLOCK_CAPTURE_AUTORELEASING = YES;
				CLANG_WARN_BOOL_CONVERSION = YES;
				CLANG_WARN_COMMA = YES;
				CLANG_WARN_CONSTANT_CONVERSION = YES;
				CLANG_WARN_DEPRECATED_OBJC_IMPLEMENTATIONS = YES;
				CLANG_WARN_DIRECT_OBJC_ISA_USAGE = YES_ERROR;
				CLANG_WARN_DOCUMENTATION_COMMENTS = YES;
				CLANG_WARN_EMPTY_BODY = YES;
				CLANG_WARN_ENUM_CONVERSION = YES;
				CLANG_WARN_INFINITE_RECURSION = YES;
				CLANG_WARN_INT_CONVERSION = YES;
				CLANG_WARN_NON_LITERAL_NULL_CONVERSION = YES;
				CLANG_WARN_OBJC_IMPLICIT_RETAIN_SELF = YES;
				CLANG_WARN_OBJC_LITERAL_CONVERSION = YES;
				CLANG_WARN_OBJC_ROOT_CLASS = YES_ERROR;
				CLANG_WARN_QUOTED_INCLUDE_IN_FRAMEWORK_HEADER = YES;
				CLANG_WARN_RANGE_LOOP_ANALYSIS = YES;
				CLANG_WARN_STRICT_PROTOTYPES = YES;
				CLANG_WARN_SUSPICIOUS_MOVE = YES;
				CLANG_WARN_UNGUARDED_AVAILABILITY = YES_AGGRESSIVE;
				CLANG_WARN_UNREACHABLE_CODE = YES;
				CLANG_WARN__DUPLICATE_METHOD_MATCH = YES;
				COPY_PHASE_STRIP = NO;
				DEBUG_INFORMATION_FORMAT = "dwarf-with-dsym";
				ENABLE_NS_ASSERTIONS = NO;
				ENABLE_STRICT_OBJC_MSGSEND = YES;
				GCC_C_LANGUAGE_STANDARD = gnu11;
				GCC_NO_COMMON_BLOCKS = YES;
				GCC_WARN_64_TO_32_BIT_CONVERSION = YES;
				GCC_WARN_ABOUT_RETURN_TYPE = YES_ERROR;
				GCC_WARN_UNDECLARED_SELECTOR = YES;
				GCC_WARN_UNINITIALIZED_AUTOS = YES_AGGRESSIVE;
				GCC_WARN_UNUSED_FUNCTION = YES;
				GCC_WARN_UNUSED_VARIABLE = YES;
				IPHONEOS_DEPLOYMENT_TARGET = 14.2;
				MTL_ENABLE_DEBUG_INFO = NO;
				MTL_FAST_MATH = YES;
				SDKROOT = iphoneos;
				SWIFT_COMPILATION_MODE = wholemodule;
				SWIFT_OPTIMIZATION_LEVEL = "-O";
				VALIDATE_PRODUCT = YES;
			};
			name = Release;
		};
		72DA8810258DF06700EF3E3D /* Debug */ = {
			isa = XCBuildConfiguration;
			baseConfigurationReference = D57019F08AC4D5151D0F4324 /* Pods-PatLock.debug.xcconfig */;
			buildSettings = {
				ASSETCATALOG_COMPILER_APPICON_NAME = AppIcon;
				ASSETCATALOG_COMPILER_GLOBAL_ACCENT_COLOR_NAME = AccentColor;
				CODE_SIGN_STYLE = Automatic;
				DEVELOPMENT_TEAM = KRGCDU34JU;
				INFOPLIST_FILE = PatLock/Info.plist;
				LD_RUNPATH_SEARCH_PATHS = (
					"$(inherited)",
					"@executable_path/Frameworks",
				);
				PRODUCT_BUNDLE_IDENTIFIER = com.shndrs.PatLock;
				PRODUCT_NAME = "$(TARGET_NAME)";
				SWIFT_VERSION = 5.0;
				TARGETED_DEVICE_FAMILY = "1,2";
			};
			name = Debug;
		};
		72DA8811258DF06700EF3E3D /* Release */ = {
			isa = XCBuildConfiguration;
			baseConfigurationReference = 61330BE87BD9AED1F2D4B87B /* Pods-PatLock.release.xcconfig */;
			buildSettings = {
				ASSETCATALOG_COMPILER_APPICON_NAME = AppIcon;
				ASSETCATALOG_COMPILER_GLOBAL_ACCENT_COLOR_NAME = AccentColor;
				CODE_SIGN_STYLE = Automatic;
				DEVELOPMENT_TEAM = KRGCDU34JU;
				INFOPLIST_FILE = PatLock/Info.plist;
				LD_RUNPATH_SEARCH_PATHS = (
					"$(inherited)",
					"@executable_path/Frameworks",
				);
				PRODUCT_BUNDLE_IDENTIFIER = com.shndrs.PatLock;
				PRODUCT_NAME = "$(TARGET_NAME)";
				SWIFT_VERSION = 5.0;
				TARGETED_DEVICE_FAMILY = "1,2";
			};
			name = Release;
		};
/* End XCBuildConfiguration section */

/* Begin XCConfigurationList section */
		72DA87F6258DF06400EF3E3D /* Build configuration list for PBXProject "PatLock" */ = {
			isa = XCConfigurationList;
			buildConfigurations = (
				72DA880D258DF06700EF3E3D /* Debug */,
				72DA880E258DF06700EF3E3D /* Release */,
			);
			defaultConfigurationIsVisible = 0;
			defaultConfigurationName = Release;
		};
		72DA880F258DF06700EF3E3D /* Build configuration list for PBXNativeTarget "PatLock" */ = {
			isa = XCConfigurationList;
			buildConfigurations = (
				72DA8810258DF06700EF3E3D /* Debug */,
				72DA8811258DF06700EF3E3D /* Release */,
			);
			defaultConfigurationIsVisible = 0;
			defaultConfigurationName = Release;
		};
/* End XCConfigurationList section */
	};
	rootObject = 72DA87F3258DF06400EF3E3D /* Project object */;
}
